{
  "name": "js-helpers",
  "version": "1.0.0",
  "lockfileVersion": 1,
  "requires": true,
  "dependencies": {
    "@types/node": {
      "version": "17.0.34",
      "resolved": "https://registry.npmjs.org/@types/node/-/node-17.0.34.tgz",
      "integrity": "sha512-XImEz7XwTvDBtzlTnm8YvMqGW/ErMWBsKZ+hMTvnDIjGCKxwK5Xpc+c/oQjOauwq8M4OS11hEkpjX8rrI/eEgA==",
      "dev": true
    },
    "@types/webpack-env": {
      "version": "1.16.4",
      "resolved": "https://registry.npmjs.org/@types/webpack-env/-/webpack-env-1.16.4.tgz",
      "integrity": "sha512-llS8qveOUX3wxHnSykP5hlYFFuMfJ9p5JvIyCiBgp7WTfl6K5ZcyHj8r8JsN/J6QODkAsRRCLIcTuOCu8etkUw==",
      "dev": true
    }
  }
}
